
Microsoft Visual Studio Solution File, Format Version 12.00
Project("{FAE04EC0-301F-11D3-BF4B-00C04F79EFBC}") = "XOgame", "XOgame\XOgame.csproj", "{92C1E893-A49E-49B9-9F05-AED9E2105A9A}"
EndProject
Project("{FAE04EC0-301F-11D3-BF4B-00C04F79EFBC}") = "XOgame.Core", "XOgame.Core\XOgame.Core.csproj", "{3EDE4E2A-9673-41AE-A27D-664E01D5417C}"
EndProject
Project("{FAE04EC0-301F-11D3-BF4B-00C04F79EFBC}") = "XOgame.Tests", "XOgame.Tests\XOgame.Tests.csproj", "{3EC7C062-64E6-4BE2-85D6-DA1EC616ED41}"
EndProject
Global
	GlobalSection(SolutionConfigurationPlatforms) = preSolution
		Debug|Any CPU = Debug|Any CPU
		Release|Any CPU = Release|Any CPU
	EndGlobalSection
	GlobalSection(ProjectConfigurationPlatforms) = postSolution
		{92C1E893-A49E-49B9-9F05-AED9E2105A9A}.Debug|Any CPU.ActiveCfg = Debug|Any CPU
		{92C1E893-A49E-49B9-9F05-AED9E2105A9A}.Debug|Any CPU.Build.0 = Debug|Any CPU
		{92C1E893-A49E-49B9-9F05-AED9E2105A9A}.Release|Any CPU.ActiveCfg = Release|Any CPU
		{92C1E893-A49E-49B9-9F05-AED9E2105A9A}.Release|Any CPU.Build.0 = Release|Any CPU
		{3EDE4E2A-9673-41AE-A27D-664E01D5417C}.Debug|Any CPU.ActiveCfg = Debug|Any CPU
		{3EDE4E2A-9673-41AE-A27D-664E01D5417C}.Debug|Any CPU.Build.0 = Debug|Any CPU
		{3EDE4E2A-9673-41AE-A27D-664E01D5417C}.Release|Any CPU.ActiveCfg = Release|Any CPU
		{3EDE4E2A-9673-41AE-A27D-664E01D5417C}.Release|Any CPU.Build.0 = Release|Any CPU
		{3EC7C062-64E6-4BE2-85D6-DA1EC616ED41}.Debug|Any CPU.ActiveCfg = Debug|Any CPU
		{3EC7C062-64E6-4BE2-85D6-DA1EC616ED41}.Debug|Any CPU.Build.0 = Debug|Any CPU
		{3EC7C062-64E6-4BE2-85D6-DA1EC616ED41}.Release|Any CPU.ActiveCfg = Release|Any CPU
		{3EC7C062-64E6-4BE2-85D6-DA1EC616ED41}.Release|Any CPU.Build.0 = Release|Any CPU
	EndGlobalSection
EndGlobal
